{
  "requires": true,
  "lockfileVersion": 1,
  "dependencies": {
    "ml-classifier": {
      "version": "0.5.1",
      "resolved": "https://registry.npmjs.org/ml-classifier/-/ml-classifier-0.5.1.tgz",
      "integrity": "sha512-pFr+aq+7PiOKXvEQfs0+Z/0hk+7d6q7dMnd0NO2Z4X7UljH1Uzk/KuRL1TCkp9ynmDBqQuWk+DZ3fCP0vQqqFw=="
    }
  }
}
